// !$*UTF8*$!
{
	archiveVersion = 1;
	classes = {
	};
	objectVersion = 46;
	objects = {

/* Begin PBXBuildFile section */
		041F907E1C120210006E3452 /* CollectionViewCell.m in Sources */ = {isa = PBXBuildFile; fileRef = 041F907D1C120210006E3452 /* CollectionViewCell.m */; };
		04520BF31C11FFBF00A47CC8 /* main.m in Sources */ = {isa = PBXBuildFile; fileRef = 04520BF21C11FFBF00A47CC8 /* main.m */; };
		04520BF61C11FFBF00A47CC8 /* AppDelegate.m in Sources */ = {isa = PBXBuildFile; fileRef = 04520BF51C11FFBF00A47CC8 /* AppDelegate.m */; };
		04520BF91C11FFBF00A47CC8 /* ViewController.m in Sources */ = {isa = PBXBuildFile; fileRef = 04520BF81C11FFBF00A47CC8 /* ViewController.m */; };
		04520BFC1C11FFBF00A47CC8 /* Main.storyboard in Resources */ = {isa = PBXBuildFile; fileRef = 04520BFA1C11FFBF00A47CC8 /* Main.storyboard */; };
		04520BFE1C11FFBF00A47CC8 /* Images.xcassets in Resources */ = {isa = PBXBuildFile; fileRef = 04520BFD1C11FFBF00A47CC8 /* Images.xcassets */; };
		04520C011C11FFBF00A47CC8 /* LaunchScreen.xib in Resources */ = {isa = PBXBuildFile; fileRef = 04520BFF1C11FFBF00A47CC8 /* LaunchScreen.xib */; };
		04520C0D1C11FFBF00A47CC8 /* ColletionViewSliderTests.m in Sources */ = {isa = PBXBuildFile; fileRef = 04520C0C1C11FFBF00A47CC8 /* ColletionViewSliderTests.m */; };
		04520C2B1C12007800A47CC8 /* AFHTTPRequestOperation.m in Sources */ = {isa = PBXBuildFile; fileRef = 04520C191C12007800A47CC8 /* AFHTTPRequestOperation.m */; };
		04520C2C1C12007800A47CC8 /* AFHTTPRequestOperationManager.m in Sources */ = {isa = PBXBuildFile; fileRef = 04520C1B1C12007800A47CC8 /* AFHTTPRequestOperationManager.m */; };
		04520C2D1C12007800A47CC8 /* AFHTTPSessionManager.m in Sources */ = {isa = PBXBuildFile; fileRef = 04520C1D1C12007800A47CC8 /* AFHTTPSessionManager.m */; };
		04520C2E1C12007800A47CC8 /* AFNetworkReachabilityManager.m in Sources */ = {isa = PBXBuildFile; fileRef = 04520C201C12007800A47CC8 /* AFNetworkReachabilityManager.m */; };
		04520C2F1C12007800A47CC8 /* AFSecurityPolicy.m in Sources */ = {isa = PBXBuildFile; fileRef = 04520C221C12007800A47CC8 /* AFSecurityPolicy.m */; };
		04520C301C12007800A47CC8 /* AFURLConnectionOperation.m in Sources */ = {isa = PBXBuildFile; fileRef = 04520C241C12007800A47CC8 /* AFURLConnectionOperation.m */; };
		04520C311C12007800A47CC8 /* AFURLRequestSerialization.m in Sources */ = {isa = PBXBuildFile; fileRef = 04520C261C12007800A47CC8 /* AFURLRequestSerialization.m */; };
		04520C321C12007800A47CC8 /* AFURLResponseSerialization.m in Sources */ = {isa = PBXBuildFile; fileRef = 04520C281C12007800A47CC8 /* AFURLResponseSerialization.m */; };
		04520C331C12007800A47CC8 /* AFURLSessionManager.m in Sources */ = {isa = PBXBuildFile; fileRef = 04520C2A1C12007800A47CC8 /* AFURLSessionManager.m */; };
		04520C551C12008400A47CC8 /* MKAnnotationView+WebCache.m in Sources */ = {isa = PBXBuildFile; fileRef = 04520C351C12008400A47CC8 /* MKAnnotationView+WebCache.m */; };
		04520C561C12008400A47CC8 /* NSData+ImageContentType.m in Sources */ = {isa = PBXBuildFile; fileRef = 04520C371C12008400A47CC8 /* NSData+ImageContentType.m */; };
		04520C571C12008400A47CC8 /* SDImageCache.m in Sources */ = {isa = PBXBuildFile; fileRef = 04520C391C12008400A47CC8 /* SDImageCache.m */; };
		04520C581C12008400A47CC8 /* SDWebImageCompat.m in Sources */ = {isa = PBXBuildFile; fileRef = 04520C3B1C12008400A47CC8 /* SDWebImageCompat.m */; };
		04520C591C12008400A47CC8 /* SDWebImageDecoder.m in Sources */ = {isa = PBXBuildFile; fileRef = 04520C3D1C12008400A47CC8 /* SDWebImageDecoder.m */; };
		04520C5A1C12008400A47CC8 /* SDWebImageDownloader.m in Sources */ = {isa = PBXBuildFile; fileRef = 04520C3F1C12008400A47CC8 /* SDWebImageDownloader.m */; };
		04520C5B1C12008400A47CC8 /* SDWebImageDownloaderOperation.m in Sources */ = {isa = PBXBuildFile; fileRef = 04520C411C12008400A47CC8 /* SDWebImageDownloaderOperation.m */; };
		04520C5C1C12008400A47CC8 /* SDWebImageManager.m in Sources */ = {isa = PBXBuildFile; fileRef = 04520C431C12008400A47CC8 /* SDWebImageManager.m */; };
		04520C5D1C12008400A47CC8 /* SDWebImagePrefetcher.m in Sources */ = {isa = PBXBuildFile; fileRef = 04520C461C12008400A47CC8 /* SDWebImagePrefetcher.m */; };
		04520C5E1C12008400A47CC8 /* UIButton+WebCache.m in Sources */ = {isa = PBXBuildFile; fileRef = 04520C481C12008400A47CC8 /* UIButton+WebCache.m */; };
		04520C5F1C12008400A47CC8 /* UIImage+GIF.m in Sources */ = {isa = PBXBuildFile; fileRef = 04520C4A1C12008400A47CC8 /* UIImage+GIF.m */; };
		04520C601C12008400A47CC8 /* UIImage+MultiFormat.m in Sources */ = {isa = PBXBuildFile; fileRef = 04520C4C1C12008400A47CC8 /* UIImage+MultiFormat.m */; };
		04520C611C12008400A47CC8 /* UIImage+WebP.m in Sources */ = {isa = PBXBuildFile; fileRef = 04520C4E1C12008400A47CC8 /* UIImage+WebP.m */; };
		04520C621C12008400A47CC8 /* UIImageView+HighlightedWebCache.m in Sources */ = {isa = PBXBuildFile; fileRef = 04520C501C12008400A47CC8 /* UIImageView+HighlightedWebCache.m */; };
		04520C631C12008400A47CC8 /* UIImageView+WebCache.m in Sources */ = {isa = PBXBuildFile; fileRef = 04520C521C12008400A47CC8 /* UIImageView+WebCache.m */; };
		04520C641C12008400A47CC8 /* UIView+WebCacheOperation.m in Sources */ = {isa = PBXBuildFile; fileRef = 04520C541C12008400A47CC8 /* UIView+WebCacheOperation.m */; };
/* End PBXBuildFile section */

/* Begin PBXContainerItemProxy section */
		04520C071C11FFBF00A47CC8 /* PBXContainerItemProxy */ = {
			isa = PBXContainerItemProxy;
			containerPortal = 04520BE51C11FFBF00A47CC8 /* Project object */;
			proxyType = 1;
			remoteGlobalIDString = 04520BEC1C11FFBF00A47CC8;
			remoteInfo = ColletionViewSlider;
		};
/* End PBXContainerItemProxy section */

/* Begin PBXFileReference section */
		041F907C1C120210006E3452 /* CollectionViewCell.h */ = {isa = PBXFileReference; fileEncoding = 4; lastKnownFileType = sourcecode.c.h; path = CollectionViewCell.h; sourceTree = "<group>"; };
		041F907D1C120210006E3452 /* CollectionViewCell.m */ = {isa = PBXFileReference; fileEncoding = 4; lastKnownFileType = sourcecode.c.objc; path = CollectionViewCell.m; sourceTree = "<group>"; };
		04520BED1C11FFBF00A47CC8 /* ColletionViewSlider.app */ = {isa = PBXFileReference; explicitFileType = wrapper.application; includeInIndex = 0; path = ColletionViewSlider.app; sourceTree = BUILT_PRODUCTS_DIR; };
		04520BF11C11FFBF00A47CC8 /* Info.plist */ = {isa = PBXFileReference; lastKnownFileType = text.plist.xml; path = Info.plist; sourceTree = "<group>"; };
		04520BF21C11FFBF00A47CC8 /* main.m */ = {isa = PBXFileReference; lastKnownFileType = sourcecode.c.objc; path = main.m; sourceTree = "<group>"; };
		04520BF41C11FFBF00A47CC8 /* AppDelegate.h */ = {isa = PBXFileReference; lastKnownFileType = sourcecode.c.h; path = AppDelegate.h; sourceTree = "<group>"; };
		04520BF51C11FFBF00A47CC8 /* AppDelegate.m */ = {isa = PBXFileReference; lastKnownFileType = sourcecode.c.objc; path = AppDelegate.m; sourceTree = "<group>"; };
		04520BF71C11FFBF00A47CC8 /* ViewController.h */ = {isa = PBXFileReference; lastKnownFileType = sourcecode.c.h; path = ViewController.h; sourceTree = "<group>"; };
		04520BF81C11FFBF00A47CC8 /* ViewController.m */ = {isa = PBXFileReference; lastKnownFileType = sourcecode.c.objc; path = ViewController.m; sourceTree = "<group>"; };
		04520BFB1C11FFBF00A47CC8 /* Base */ = {isa = PBXFileReference; lastKnownFileType = file.storyboard; name = Base; path = Base.lproj/Main.storyboard; sourceTree = "<group>"; };
		04520BFD1C11FFBF00A47CC8 /* Images.xcassets */ = {isa = PBXFileReference; lastKnownFileType = folder.assetcatalog; path = Images.xcassets; sourceTree = "<group>"; };
		04520C001C11FFBF00A47CC8 /* Base */ = {isa = PBXFileReference; lastKnownFileType = file.xib; name = Base; path = Base.lproj/LaunchScreen.xib; sourceTree = "<group>"; };
		04520C061C11FFBF00A47CC8 /* ColletionViewSliderTests.xctest */ = {isa = PBXFileReference; explicitFileType = wrapper.cfbundle; includeInIndex = 0; path = ColletionViewSliderTests.xctest; sourceTree = BUILT_PRODUCTS_DIR; };
		04520C0B1C11FFBF00A47CC8 /* Info.plist */ = {isa = PBXFileReference; lastKnownFileType = text.plist.xml; path = Info.plist; sourceTree = "<group>"; };
		04520C0C1C11FFBF00A47CC8 /* ColletionViewSliderTests.m */ = {isa = PBXFileReference; lastKnownFileType = sourcecode.c.objc; path = ColletionViewSliderTests.m; sourceTree = "<group>"; };
		04520C181C12007800A47CC8 /* AFHTTPRequestOperation.h */ = {isa = PBXFileReference; fileEncoding = 4; lastKnownFileType = sourcecode.c.h; name = AFHTTPRequestOperation.h; path = AFNetworking/AFHTTPRequestOperation.h; sourceTree = "<group>"; };
		04520C191C12007800A47CC8 /* AFHTTPRequestOperation.m */ = {isa = PBXFileReference; fileEncoding = 4; lastKnownFileType = sourcecode.c.objc; name = AFHTTPRequestOperation.m; path = AFNetworking/AFHTTPRequestOperation.m; sourceTree = "<group>"; };
		04520C1A1C12007800A47CC8 /* AFHTTPRequestOperationManager.h */ = {isa = PBXFileReference; fileEncoding = 4; lastKnownFileType = sourcecode.c.h; name = AFHTTPRequestOperationManager.h; path = AFNetworking/AFHTTPRequestOperationManager.h; sourceTree = "<group>"; };
		04520C1B1C12007800A47CC8 /* AFHTTPRequestOperationManager.m */ = {isa = PBXFileReference; fileEncoding = 4; lastKnownFileType = sourcecode.c.objc; name = AFHTTPRequestOperationManager.m; path = AFNetworking/AFHTTPRequestOperationManager.m; sourceTree = "<group>"; };
		04520C1C1C12007800A47CC8 /* AFHTTPSessionManager.h */ = {isa = PBXFileReference; fileEncoding = 4; lastKnownFileType = sourcecode.c.h; name = AFHTTPSessionManager.h; path = AFNetworking/AFHTTPSessionManager.h; sourceTree = "<group>"; };
		04520C1D1C12007800A47CC8 /* AFHTTPSessionManager.m */ = {isa = PBXFileReference; fileEncoding = 4; lastKnownFileType = sourcecode.c.objc; name = AFHTTPSessionManager.m; path = AFNetworking/AFHTTPSessionManager.m; sourceTree = "<group>"; };
		04520C1E1C12007800A47CC8 /* AFNetworking.h */ = {isa = PBXFileReference; fileEncoding = 4; lastKnownFileType = sourcecode.c.h; name = AFNetworking.h; path = AFNetworking/AFNetworking.h; sourceTree = "<group>"; };
		04520C1F1C12007800A47CC8 /* AFNetworkReachabilityManager.h */ = {isa = PBXFileReference; fileEncoding = 4; lastKnownFileType = sourcecode.c.h; name = AFNetworkReachabilityManager.h; path = AFNetworking/AFNetworkReachabilityManager.h; sourceTree = "<group>"; };
		04520C201C12007800A47CC8 /* AFNetworkReachabilityManager.m */ = {isa = PBXFileReference; fileEncoding = 4; lastKnownFileType = sourcecode.c.objc; name = AFNetworkReachabilityManager.m; path = AFNetworking/AFNetworkReachabilityManager.m; sourceTree = "<group>"; };
		04520C211C12007800A47CC8 /* AFSecurityPolicy.h */ = {isa = PBXFileReference; fileEncoding = 4; lastKnownFileType = sourcecode.c.h; name = AFSecurityPolicy.h; path = AFNetworking/AFSecurityPolicy.h; sourceTree = "<group>"; };
		04520C221C12007800A47CC8 /* AFSecurityPolicy.m */ = {isa = PBXFileReference; fileEncoding = 4; lastKnownFileType = sourcecode.c.objc; name = AFSecurityPolicy.m; path = AFNetworking/AFSecurityPolicy.m; sourceTree = "<group>"; };
		04520C231C12007800A47CC8 /* AFURLConnectionOperation.h */ = {isa = PBXFileReference; fileEncoding = 4; lastKnownFileType = sourcecode.c.h; name = AFURLConnectionOperation.h; path = AFNetworking/AFURLConnectionOperation.h; sourceTree = "<group>"; };
		04520C241C12007800A47CC8 /* AFURLConnectionOperation.m */ = {isa = PBXFileReference; fileEncoding = 4; lastKnownFileType = sourcecode.c.objc; name = AFURLConnectionOperation.m; path = AFNetworking/AFURLConnectionOperation.m; sourceTree = "<group>"; };
		04520C251C12007800A47CC8 /* AFURLRequestSerialization.h */ = {isa = PBXFileReference; fileEncoding = 4; lastKnownFileType = sourcecode.c.h; name = AFURLRequestSerialization.h; path = AFNetworking/AFURLRequestSerialization.h; sourceTree = "<group>"; };
		04520C261C12007800A47CC8 /* AFURLRequestSerialization.m */ = {isa = PBXFileReference; fileEncoding = 4; lastKnownFileType = sourcecode.c.objc; name = AFURLRequestSerialization.m; path = AFNetworking/AFURLRequestSerialization.m; sourceTree = "<group>"; };
		04520C271C12007800A47CC8 /* AFURLResponseSerialization.h */ = {isa = PBXFileReference; fileEncoding = 4; lastKnownFileType = sourcecode.c.h; name = AFURLResponseSerialization.h; path = AFNetworking/AFURLResponseSerialization.h; sourceTree = "<group>"; };
		04520C281C12007800A47CC8 /* AFURLResponseSerialization.m */ = {isa = PBXFileReference; fileEncoding = 4; lastKnownFileType = sourcecode.c.objc; name = AFURLResponseSerialization.m; path = AFNetworking/AFURLResponseSerialization.m; sourceTree = "<group>"; };
		04520C291C12007800A47CC8 /* AFURLSessionManager.h */ = {isa = PBXFileReference; fileEncoding = 4; lastKnownFileType = sourcecode.c.h; name = AFURLSessionManager.h; path = AFNetworking/AFURLSessionManager.h; sourceTree = "<group>"; };
		04520C2A1C12007800A47CC8 /* AFURLSessionManager.m */ = {isa = PBXFileReference; fileEncoding = 4; lastKnownFileType = sourcecode.c.objc; name = AFURLSessionManager.m; path = AFNetworking/AFURLSessionManager.m; sourceTree = "<group>"; };
		04520C341C12008400A47CC8 /* MKAnnotationView+WebCache.h */ = {isa = PBXFileReference; fileEncoding = 4; lastKnownFileType = sourcecode.c.h; name = "MKAnnotationView+WebCache.h"; path = "SDImageView/MKAnnotationView+WebCache.h"; sourceTree = "<group>"; };
		04520C351C12008400A47CC8 /* MKAnnotationView+WebCache.m */ = {isa = PBXFileReference; fileEncoding = 4; lastKnownFileType = sourcecode.c.objc; name = "MKAnnotationView+WebCache.m"; path = "SDImageView/MKAnnotationView+WebCache.m"; sourceTree = "<group>"; };
		04520C361C12008400A47CC8 /* NSData+ImageContentType.h */ = {isa = PBXFileReference; fileEncoding = 4; lastKnownFileType = sourcecode.c.h; name = "NSData+ImageContentType.h"; path = "SDImageView/NSData+ImageContentType.h"; sourceTree = "<group>"; };
		04520C371C12008400A47CC8 /* NSData+ImageContentType.m */ = {isa = PBXFileReference; fileEncoding = 4; lastKnownFileType = sourcecode.c.objc; name = "NSData+ImageContentType.m"; path = "SDImageView/NSData+ImageContentType.m"; sourceTree = "<group>"; };
		04520C381C12008400A47CC8 /* SDImageCache.h */ = {isa = PBXFileReference; fileEncoding = 4; lastKnownFileType = sourcecode.c.h; name = SDImageCache.h; path = SDImageView/SDImageCache.h; sourceTree = "<group>"; };
		04520C391C12008400A47CC8 /* SDImageCache.m */ = {isa = PBXFileReference; fileEncoding = 4; lastKnownFileType = sourcecode.c.objc; name = SDImageCache.m; path = SDImageView/SDImageCache.m; sourceTree = "<group>"; };
		04520C3A1C12008400A47CC8 /* SDWebImageCompat.h */ = {isa = PBXFileReference; fileEncoding = 4; lastKnownFileType = sourcecode.c.h; name = SDWebImageCompat.h; path = SDImageView/SDWebImageCompat.h; sourceTree = "<group>"; };
		04520C3B1C12008400A47CC8 /* SDWebImageCompat.m */ = {isa = PBXFileReference; fileEncoding = 4; lastKnownFileType = sourcecode.c.objc; name = SDWebImageCompat.m; path = SDImageView/SDWebImageCompat.m; sourceTree = "<group>"; };
		04520C3C1C12008400A47CC8 /* SDWebImageDecoder.h */ = {isa = PBXFileReference; fileEncoding = 4; lastKnownFileType = sourcecode.c.h; name = SDWebImageDecoder.h; path = SDImageView/SDWebImageDecoder.h; sourceTree = "<group>"; };
		04520C3D1C12008400A47CC8 /* SDWebImageDecoder.m */ = {isa = PBXFileReference; fileEncoding = 4; lastKnownFileType = sourcecode.c.objc; name = SDWebImageDecoder.m; path = SDImageView/SDWebImageDecoder.m; sourceTree = "<group>"; };
		04520C3E1C12008400A47CC8 /* SDWebImageDownloader.h */ = {isa = PBXFileReference; fileEncoding = 4; lastKnownFileType = sourcecode.c.h; name = SDWebImageDownloader.h; path = SDImageView/SDWebImageDownloader.h; sourceTree = "<group>"; };
		04520C3F1C12008400A47CC8 /* SDWebImageDownloader.m */ = {isa = PBXFileReference; fileEncoding = 4; lastKnownFileType = sourcecode.c.objc; name = SDWebImageDownloader.m; path = SDImageView/SDWebImageDownloader.m; sourceTree = "<group>"; };
		04520C401C12008400A47CC8 /* SDWebImageDownloaderOperation.h */ = {isa = PBXFileReference; fileEncoding = 4; lastKnownFileType = sourcecode.c.h; name = SDWebImageDownloaderOperation.h; path = SDImageView/SDWebImageDownloaderOperation.h; sourceTree = "<group>"; };
		04520C411C12008400A47CC8 /* SDWebImageDownloaderOperation.m */ = {isa = PBXFileReference; fileEncoding = 4; lastKnownFileType = sourcecode.c.objc; name = SDWebImageDownloaderOperation.m; path = SDImageView/SDWebImageDownloaderOperation.m; sourceTree = "<group>"; };
		04520C421C12008400A47CC8 /* SDWebImageManager.h */ = {isa = PBXFileReference; fileEncoding = 4; lastKnownFileType = sourcecode.c.h; name = SDWebImageManager.h; path = SDImageView/SDWebImageManager.h; sourceTree = "<group>"; };
		04520C431C12008400A47CC8 /* SDWebImageManager.m */ = {isa = PBXFileReference; fileEncoding = 4; lastKnownFileType = sourcecode.c.objc; name = SDWebImageManager.m; path = SDImageView/SDWebImageManager.m; sourceTree = "<group>"; };
		04520C441C12008400A47CC8 /* SDWebImageOperation.h */ = {isa = PBXFileReference; fileEncoding = 4; lastKnownFileType = sourcecode.c.h; name = SDWebImageOperation.h; path = SDImageView/SDWebImageOperation.h; sourceTree = "<group>"; };
		04520C451C12008400A47CC8 /* SDWebImagePrefetcher.h */ = {isa = PBXFileReference; fileEncoding = 4; lastKnownFileType = sourcecode.c.h; name = SDWebImagePrefetcher.h; path = SDImageView/SDWebImagePrefetcher.h; sourceTree = "<group>"; };
		04520C461C12008400A47CC8 /* SDWebImagePrefetcher.m */ = {isa = PBXFileReference; fileEncoding = 4; lastKnownFileType = sourcecode.c.objc; name = SDWebImagePrefetcher.m; path = SDImageView/SDWebImagePrefetcher.m; sourceTree = "<group>"; };
		04520C471C12008400A47CC8 /* UIButton+WebCache.h */ = {isa = PBXFileReference; fileEncoding = 4; lastKnownFileType = sourcecode.c.h; name = "UIButton+WebCache.h"; path = "SDImageView/UIButton+WebCache.h"; sourceTree = "<group>"; };
		04520C481C12008400A47CC8 /* UIButton+WebCache.m */ = {isa = PBXFileReference; fileEncoding = 4; lastKnownFileType = sourcecode.c.objc; name = "UIButton+WebCache.m"; path = "SDImageView/UIButton+WebCache.m"; sourceTree = "<group>"; };
		04520C491C12008400A47CC8 /* UIImage+GIF.h */ = {isa = PBXFileReference; fileEncoding = 4; lastKnownFileType = sourcecode.c.h; name = "UIImage+GIF.h"; path = "SDImageView/UIImage+GIF.h"; sourceTree = "<group>"; };
		04520C4A1C12008400A47CC8 /* UIImage+GIF.m */ = {isa = PBXFileReference; fileEncoding = 4; lastKnownFileType = sourcecode.c.objc; name = "UIImage+GIF.m"; path = "SDImageView/UIImage+GIF.m"; sourceTree = "<group>"; };
		04520C4B1C12008400A47CC8 /* UIImage+MultiFormat.h */ = {isa = PBXFileReference; fileEncoding = 4; lastKnownFileType = sourcecode.c.h; name = "UIImage+MultiFormat.h"; path = "SDImageView/UIImage+MultiFormat.h"; sourceTree = "<group>"; };
		04520C4C1C12008400A47CC8 /* UIImage+MultiFormat.m */ = {isa = PBXFileReference; fileEncoding = 4; lastKnownFileType = sourcecode.c.objc; name = "UIImage+MultiFormat.m"; path = "SDImageView/UIImage+MultiFormat.m"; sourceTree = "<group>"; };
		04520C4D1C12008400A47CC8 /* UIImage+WebP.h */ = {isa = PBXFileReference; fileEncoding = 4; lastKnownFileType = sourcecode.c.h; name = "UIImage+WebP.h"; path = "SDImageView/UIImage+WebP.h"; sourceTree = "<group>"; };
		04520C4E1C12008400A47CC8 /* UIImage+WebP.m */ = {isa = PBXFileReference; fileEncoding = 4; lastKnownFileType = sourcecode.c.objc; name = "UIImage+WebP.m"; path = "SDImageView/UIImage+WebP.m"; sourceTree = "<group>"; };
		04520C4F1C12008400A47CC8 /* UIImageView+HighlightedWebCache.h */ = {isa = PBXFileReference; fileEncoding = 4; lastKnownFileType = sourcecode.c.h; name = "UIImageView+HighlightedWebCache.h"; path = "SDImageView/UIImageView+HighlightedWebCache.h"; sourceTree = "<group>"; };
		04520C501C12008400A47CC8 /* UIImageView+HighlightedWebCache.m */ = {isa = PBXFileReference; fileEncoding = 4; lastKnownFileType = sourcecode.c.objc; name = "UIImageView+HighlightedWebCache.m"; path = "SDImageView/UIImageView+HighlightedWebCache.m"; sourceTree = "<group>"; };
		04520C511C12008400A47CC8 /* UIImageView+WebCache.h */ = {isa = PBXFileReference; fileEncoding = 4; lastKnownFileType = sourcecode.c.h; name = "UIImageView+WebCache.h"; path = "SDImageView/UIImageView+WebCache.h"; sourceTree = "<group>"; };
		04520C521C12008400A47CC8 /* UIImageView+WebCache.m */ = {isa = PBXFileReference; fileEncoding = 4; lastKnownFileType = sourcecode.c.objc; name = "UIImageView+WebCache.m"; path = "SDImageView/UIImageView+WebCache.m"; sourceTree = "<group>"; };
		04520C531C12008400A47CC8 /* UIView+WebCacheOperation.h */ = {isa = PBXFileReference; fileEncoding = 4; lastKnownFileType = sourcecode.c.h; name = "UIView+WebCacheOperation.h"; path = "SDImageView/UIView+WebCacheOperation.h"; sourceTree = "<group>"; };
		04520C541C12008400A47CC8 /* UIView+WebCacheOperation.m */ = {isa = PBXFileReference; fileEncoding = 4; lastKnownFileType = sourcecode.c.objc; name = "UIView+WebCacheOperation.m"; path = "SDImageView/UIView+WebCacheOperation.m"; sourceTree = "<group>"; };
/* End PBXFileReference section */

/* Begin PBXFrameworksBuildPhase section */
		04520BEA1C11FFBF00A47CC8 /* Frameworks */ = {
			isa = PBXFrameworksBuildPhase;
			buildActionMask = 2147483647;
			files = (
			);
			runOnlyForDeploymentPostprocessing = 0;
		};
		04520C031C11FFBF00A47CC8 /* Frameworks */ = {
			isa = PBXFrameworksBuildPhase;
			buildActionMask = 2147483647;
			files = (
			);
			runOnlyForDeploymentPostprocessing = 0;
		};
/* End PBXFrameworksBuildPhase section */

/* Begin PBXGroup section */
		04520BE41C11FFBF00A47CC8 = {
			isa = PBXGroup;
			children = (
				04520BEF1C11FFBF00A47CC8 /* ColletionViewSlider */,
				04520C091C11FFBF00A47CC8 /* ColletionViewSliderTests */,
				04520BEE1C11FFBF00A47CC8 /* Products */,
			);
			sourceTree = "<group>";
		};
		04520BEE1C11FFBF00A47CC8 /* Products */ = {
			isa = PBXGroup;
			children = (
				04520BED1C11FFBF00A47CC8 /* ColletionViewSlider.app */,
				04520C061C11FFBF00A47CC8 /* ColletionViewSliderTests.xctest */,
			);
			name = Products;
			sourceTree = "<group>";
		};
		04520BEF1C11FFBF00A47CC8 /* ColletionViewSlider */ = {
			isa = PBXGroup;
			children = (
				04520C171C11FFF600A47CC8 /* AFNetworking */,
				04520C161C11FFEE00A47CC8 /* SDImageView */,
				04520BF41C11FFBF00A47CC8 /* AppDelegate.h */,
				04520BF51C11FFBF00A47CC8 /* AppDelegate.m */,
				04520BF71C11FFBF00A47CC8 /* ViewController.h */,
				04520BF81C11FFBF00A47CC8 /* ViewController.m */,
				041F907C1C120210006E3452 /* CollectionViewCell.h */,
				041F907D1C120210006E3452 /* CollectionViewCell.m */,
				04520BFA1C11FFBF00A47CC8 /* Main.storyboard */,
				04520BFD1C11FFBF00A47CC8 /* Images.xcassets */,
				04520BFF1C11FFBF00A47CC8 /* LaunchScreen.xib */,
				04520BF01C11FFBF00A47CC8 /* Supporting Files */,
			);
			path = ColletionViewSlider;
			sourceTree = "<group>";
		};
		04520BF01C11FFBF00A47CC8 /* Supporting Files */ = {
			isa = PBXGroup;
			children = (
				04520BF11C11FFBF00A47CC8 /* Info.plist */,
				04520BF21C11FFBF00A47CC8 /* main.m */,
			);
			name = "Supporting Files";
			sourceTree = "<group>";
		};
		04520C091C11FFBF00A47CC8 /* ColletionViewSliderTests */ = {
			isa = PBXGroup;
			children = (
				04520C0C1C11FFBF00A47CC8 /* ColletionViewSliderTests.m */,
				04520C0A1C11FFBF00A47CC8 /* Supporting Files */,
			);
			path = ColletionViewSliderTests;
			sourceTree = "<group>";
		};
		04520C0A1C11FFBF00A47CC8 /* Supporting Files */ = {
			isa = PBXGroup;
			children = (
				04520C0B1C11FFBF00A47CC8 /* Info.plist */,
			);
			name = "Supporting Files";
			sourceTree = "<group>";
		};
		04520C161C11FFEE00A47CC8 /* SDImageView */ = {
			isa = PBXGroup;
			children = (
				04520C341C12008400A47CC8 /* MKAnnotationView+WebCache.h */,
				04520C351C12008400A47CC8 /* MKAnnotationView+WebCache.m */,
				04520C361C12008400A47CC8 /* NSData+ImageContentType.h */,
				04520C371C12008400A47CC8 /* NSData+ImageContentType.m */,
				04520C381C12008400A47CC8 /* SDImageCache.h */,
				04520C391C12008400A47CC8 /* SDImageCache.m */,
				04520C3A1C12008400A47CC8 /* SDWebImageCompat.h */,
				04520C3B1C12008400A47CC8 /* SDWebImageCompat.m */,
				04520C3C1C12008400A47CC8 /* SDWebImageDecoder.h */,
				04520C3D1C12008400A47CC8 /* SDWebImageDecoder.m */,
				04520C3E1C12008400A47CC8 /* SDWebImageDownloader.h */,
				04520C3F1C12008400A47CC8 /* SDWebImageDownloader.m */,
				04520C401C12008400A47CC8 /* SDWebImageDownloaderOperation.h */,
				04520C411C12008400A47CC8 /* SDWebImageDownloaderOperation.m */,
				04520C421C12008400A47CC8 /* SDWebImageManager.h */,
				04520C431C12008400A47CC8 /* SDWebImageManager.m */,
				04520C441C12008400A47CC8 /* SDWebImageOperation.h */,
				04520C451C12008400A47CC8 /* SDWebImagePrefetcher.h */,
				04520C461C12008400A47CC8 /* SDWebImagePrefetcher.m */,
				04520C471C12008400A47CC8 /* UIButton+WebCache.h */,
				04520C481C12008400A47CC8 /* UIButton+WebCache.m */,
				04520C491C12008400A47CC8 /* UIImage+GIF.h */,
				04520C4A1C12008400A47CC8 /* UIImage+GIF.m */,
				04520C4B1C12008400A47CC8 /* UIImage+MultiFormat.h */,
				04520C4C1C12008400A47CC8 /* UIImage+MultiFormat.m */,
				04520C4D1C12008400A47CC8 /* UIImage+WebP.h */,
				04520C4E1C12008400A47CC8 /* UIImage+WebP.m */,
				04520C4F1C12008400A47CC8 /* UIImageView+HighlightedWebCache.h */,
				04520C501C12008400A47CC8 /* UIImageView+HighlightedWebCache.m */,
				04520C511C12008400A47CC8 /* UIImageView+WebCache.h */,
				04520C521C12008400A47CC8 /* UIImageView+WebCache.m */,
				04520C531C12008400A47CC8 /* UIView+WebCacheOperation.h */,
				04520C541C12008400A47CC8 /* UIView+WebCacheOperation.m */,
			);
			name = SDImageView;
			sourceTree = "<group>";
		};
		04520C171C11FFF600A47CC8 /* AFNetworking */ = {
			isa = PBXGroup;
			children = (
				04520C181C12007800A47CC8 /* AFHTTPRequestOperation.h */,
				04520C191C12007800A47CC8 /* AFHTTPRequestOperation.m */,
				04520C1A1C12007800A47CC8 /* AFHTTPRequestOperationManager.h */,
				04520C1B1C12007800A47CC8 /* AFHTTPRequestOperationManager.m */,
				04520C1C1C12007800A47CC8 /* AFHTTPSessionManager.h */,
				04520C1D1C12007800A47CC8 /* AFHTTPSessionManager.m */,
				04520C1E1C12007800A47CC8 /* AFNetworking.h */,
				04520C1F1C12007800A47CC8 /* AFNetworkReachabilityManager.h */,
				04520C201C12007800A47CC8 /* AFNetworkReachabilityManager.m */,
				04520C211C12007800A47CC8 /* AFSecurityPolicy.h */,
				04520C221C12007800A47CC8 /* AFSecurityPolicy.m */,
				04520C231C12007800A47CC8 /* AFURLConnectionOperation.h */,
				04520C241C12007800A47CC8 /* AFURLConnectionOperation.m */,
				04520C251C12007800A47CC8 /* AFURLRequestSerialization.h */,
				04520C261C12007800A47CC8 /* AFURLRequestSerialization.m */,
				04520C271C12007800A47CC8 /* AFURLResponseSerialization.h */,
				04520C281C12007800A47CC8 /* AFURLResponseSerialization.m */,
				04520C291C12007800A47CC8 /* AFURLSessionManager.h */,
				04520C2A1C12007800A47CC8 /* AFURLSessionManager.m */,
			);
			name = AFNetworking;
			sourceTree = "<group>";
		};
/* End PBXGroup section */

/* Begin PBXNativeTarget section */
		04520BEC1C11FFBF00A47CC8 /* ColletionViewSlider */ = {
			isa = PBXNativeTarget;
			buildConfigurationList = 04520C101C11FFBF00A47CC8 /* Build configuration list for PBXNativeTarget "ColletionViewSlider" */;
			buildPhases = (
				04520BE91C11FFBF00A47CC8 /* Sources */,
				04520BEA1C11FFBF00A47CC8 /* Frameworks */,
				04520BEB1C11FFBF00A47CC8 /* Resources */,
			);
			buildRules = (
			);
			dependencies = (
			);
			name = ColletionViewSlider;
			productName = ColletionViewSlider;
			productReference = 04520BED1C11FFBF00A47CC8 /* ColletionViewSlider.app */;
			productType = "com.apple.product-type.application";
		};
		04520C051C11FFBF00A47CC8 /* ColletionViewSliderTests */ = {
			isa = PBXNativeTarget;
			buildConfigurationList = 04520C131C11FFBF00A47CC8 /* Build configuration list for PBXNativeTarget "ColletionViewSliderTests" */;
			buildPhases = (
				04520C021C11FFBF00A47CC8 /* Sources */,
				04520C031C11FFBF00A47CC8 /* Frameworks */,
				04520C041C11FFBF00A47CC8 /* Resources */,
			);
			buildRules = (
			);
			dependencies = (
				04520C081C11FFBF00A47CC8 /* PBXTargetDependency */,
			);
			name = ColletionViewSliderTests;
			productName = ColletionViewSliderTests;
			productReference = 04520C061C11FFBF00A47CC8 /* ColletionViewSliderTests.xctest */;
			productType = "com.apple.product-type.bundle.unit-test";
		};
/* End PBXNativeTarget section */

/* Begin PBXProject section */
		04520BE51C11FFBF00A47CC8 /* Project object */ = {
			isa = PBXProject;
			attributes = {
				LastUpgradeCheck = 0640;
				ORGANIZATIONNAME = "Wednesday technology";
				TargetAttributes = {
					04520BEC1C11FFBF00A47CC8 = {
						CreatedOnToolsVersion = 6.4;
					};
					04520C051C11FFBF00A47CC8 = {
						CreatedOnToolsVersion = 6.4;
						TestTargetID = 04520BEC1C11FFBF00A47CC8;
					};
				};
			};
			buildConfigurationList = 04520BE81C11FFBF00A47CC8 /* Build configuration list for PBXProject "ColletionViewSlider" */;
			compatibilityVersion = "Xcode 3.2";
			developmentRegion = English;
			hasScannedForEncodings = 0;
			knownRegions = (
				en,
				Base,
			);
			mainGroup = 04520BE41C11FFBF00A47CC8;
			productRefGroup = 04520BEE1C11FFBF00A47CC8 /* Products */;
			projectDirPath = "";
			projectRoot = "";
			targets = (
				04520BEC1C11FFBF00A47CC8 /* ColletionViewSlider */,
				04520C051C11FFBF00A47CC8 /* ColletionViewSliderTests */,
			);
		};
/* End PBXProject section */

/* Begin PBXResourcesBuildPhase section */
		04520BEB1C11FFBF00A47CC8 /* Resources */ = {
			isa = PBXResourcesBuildPhase;
			buildActionMask = 2147483647;
			files = (
				04520BFC1C11FFBF00A47CC8 /* Main.storyboard in Resources */,
				04520C011C11FFBF00A47CC8 /* LaunchScreen.xib in Resources */,
				04520BFE1C11FFBF00A47CC8 /* Images.xcassets in Resources */,
			);
			runOnlyForDeploymentPostprocessing = 0;
		};
		04520C041C11FFBF00A47CC8 /* Resources */ = {
			isa = PBXResourcesBuildPhase;
			buildActionMask = 2147483647;
			files = (
			);
			runOnlyForDeploymentPostprocessing = 0;
		};
/* End PBXResourcesBuildPhase section */

/* Begin PBXSourcesBuildPhase section */
		04520BE91C11FFBF00A47CC8 /* Sources */ = {
			isa = PBXSourcesBuildPhase;
			buildActionMask = 2147483647;
			files = (
				04520C2B1C12007800A47CC8 /* AFHTTPRequestOperation.m in Sources */,
				04520BF91C11FFBF00A47CC8 /* ViewController.m in Sources */,
				04520C611C12008400A47CC8 /* UIImage+WebP.m in Sources */,
				04520C2C1C12007800A47CC8 /* AFHTTPRequestOperationManager.m in Sources */,
				04520C5E1C12008400A47CC8 /* UIButton+WebCache.m in Sources */,
				04520C5B1C12008400A47CC8 /* SDWebImageDownloaderOperation.m in Sources */,
				04520C2E1C12007800A47CC8 /* AFNetworkReachabilityManager.m in Sources */,
				04520C571C12008400A47CC8 /* SDImageCache.m in Sources */,
				041F907E1C120210006E3452 /* CollectionViewCell.m in Sources */,
				04520C561C12008400A47CC8 /* NSData+ImageContentType.m in Sources */,
				04520C321C12007800A47CC8 /* AFURLResponseSerialization.m in Sources */,
				04520C591C12008400A47CC8 /* SDWebImageDecoder.m in Sources */,
				04520C301C12007800A47CC8 /* AFURLConnectionOperation.m in Sources */,
				04520C621C12008400A47CC8 /* UIImageView+HighlightedWebCache.m in Sources */,
				04520C2F1C12007800A47CC8 /* AFSecurityPolicy.m in Sources */,
				04520C5A1C12008400A47CC8 /* SDWebImageDownloader.m in Sources */,
				04520C581C12008400A47CC8 /* SDWebImageCompat.m in Sources */,
				04520C2D1C12007800A47CC8 /* AFHTTPSessionManager.m in Sources */,
				04520C5F1C12008400A47CC8 /* UIImage+GIF.m in Sources */,
				04520C601C12008400A47CC8 /* UIImage+MultiFormat.m in Sources */,
				04520C311C12007800A47CC8 /* AFURLRequestSerialization.m in Sources */,
				04520C5D1C12008400A47CC8 /* SDWebImagePrefetcher.m in Sources */,
				04520C331C12007800A47CC8 /* AFURLSessionManager.m in Sources */,
				04520C551C12008400A47CC8 /* MKAnnotationView+WebCache.m in Sources */,
				04520C631C12008400A47CC8 /* UIImageView+WebCache.m in Sources */,
				04520C641C12008400A47CC8 /* UIView+WebCacheOperation.m in Sources */,
				04520C5C1C12008400A47CC8 /* SDWebImageManager.m in Sources */,
				04520BF61C11FFBF00A47CC8 /* AppDelegate.m in Sources */,
				04520BF31C11FFBF00A47CC8 /* main.m in Sources */,
			);
			runOnlyForDeploymentPostprocessing = 0;
		};
		04520C021C11FFBF00A47CC8 /* Sources */ = {
			isa = PBXSourcesBuildPhase;
			buildActionMask = 2147483647;
			files = (
				04520C0D1C11FFBF00A47CC8 /* ColletionViewSliderTests.m in Sources */,
			);
			runOnlyForDeploymentPostprocessing = 0;
		};
/* End PBXSourcesBuildPhase section */

/* Begin PBXTargetDependency section */
		04520C081C11FFBF00A47CC8 /* PBXTargetDependency */ = {
			isa = PBXTargetDependency;
			target = 04520BEC1C11FFBF00A47CC8 /* ColletionViewSlider */;
			targetProxy = 04520C071C11FFBF00A47CC8 /* PBXContainerItemProxy */;
		};
/* End PBXTargetDependency section */

/* Begin PBXVariantGroup section */
		04520BFA1C11FFBF00A47CC8 /* Main.storyboard */ = {
			isa = PBXVariantGroup;
			children = (
				04520BFB1C11FFBF00A47CC8 /* Base */,
			);
			name = Main.storyboard;
			sourceTree = "<group>";
		};
		04520BFF1C11FFBF00A47CC8 /* LaunchScreen.xib */ = {
			isa = PBXVariantGroup;
			children = (
				04520C001C11FFBF00A47CC8 /* Base */,
			);
			name = LaunchScreen.xib;
			sourceTree = "<group>";
		};
/* End PBXVariantGroup section */

/* Begin XCBuildConfiguration section */
		04520C0E1C11FFBF00A47CC8 /* Debug */ = {
			isa = XCBuildConfiguration;
			buildSettings = {
				ALWAYS_SEARCH_USER_PATHS = NO;
				CLANG_CXX_LANGUAGE_STANDARD = "gnu++0x";
				CLANG_CXX_LIBRARY = "libc++";
				CLANG_ENABLE_MODULES = YES;
				CLANG_ENABLE_OBJC_ARC = YES;
				CLANG_WARN_BOOL_CONVERSION = YES;
				CLANG_WARN_CONSTANT_CONVERSION = YES;
				CLANG_WARN_DIRECT_OBJC_ISA_USAGE = YES_ERROR;
				CLANG_WARN_EMPTY_BODY = YES;
				CLANG_WARN_ENUM_CONVERSION = YES;
				CLANG_WARN_INT_CONVERSION = YES;
				CLANG_WARN_OBJC_ROOT_CLASS = YES_ERROR;
				CLANG_WARN_UNREACHABLE_CODE = YES;
				CLANG_WARN__DUPLICATE_METHOD_MATCH = YES;
				"CODE_SIGN_IDENTITY[sdk=iphoneos*]" = "iPhone Developer";
				COPY_PHASE_STRIP = NO;
				DEBUG_INFORMATION_FORMAT = "dwarf-with-dsym";
				ENABLE_STRICT_OBJC_MSGSEND = YES;
				GCC_C_LANGUAGE_STANDARD = gnu99;
				GCC_DYNAMIC_NO_PIC = NO;
				GCC_NO_COMMON_BLOCKS = YES;
				GCC_OPTIMIZATION_LEVEL = 0;
				GCC_PREPROCESSOR_DEFINITIONS = (
					"DEBUG=1",
					"$(inherited)",
				);
				GCC_SYMBOLS_PRIVATE_EXTERN = NO;
				GCC_WARN_64_TO_32_BIT_CONVERSION = YES;
				GCC_WARN_ABOUT_RETURN_TYPE = YES_ERROR;
				GCC_WARN_UNDECLARED_SELECTOR = YES;
				GCC_WARN_UNINITIALIZED_AUTOS = YES_AGGRESSIVE;
				GCC_WARN_UNUSED_FUNCTION = YES;
				GCC_WARN_UNUSED_VARIABLE = YES;
				IPHONEOS_DEPLOYMENT_TARGET = 8.4;
				MTL_ENABLE_DEBUG_INFO = YES;
				ONLY_ACTIVE_ARCH = YES;
				SDKROOT = iphoneos;
				TARGETED_DEVICE_FAMILY = "1,2";
			};
			name = Debug;
		};
		04520C0F1C11FFBF00A47CC8 /* Release */ = {
			isa = XCBuildConfiguration;
			buildSettings = {
				ALWAYS_SEARCH_USER_PATHS = NO;
				CLANG_CXX_LANGUAGE_STANDARD = "gnu++0x";
				CLANG_CXX_LIBRARY = "libc++";
				CLANG_ENABLE_MODULES = YES;
				CLANG_ENABLE_OBJC_ARC = YES;
				CLANG_WARN_BOOL_CONVERSION = YES;
				CLANG_WARN_CONSTANT_CONVERSION = YES;
				CLANG_WARN_DIRECT_OBJC_ISA_USAGE = YES_ERROR;
				CLANG_WARN_EMPTY_BODY = YES;
				CLANG_WARN_ENUM_CONVERSION = YES;
				CLANG_WARN_INT_CONVERSION = YES;
				CLANG_WARN_OBJC_ROOT_CLASS = YES_ERROR;
				CLANG_WARN_UNREACHABLE_CODE = YES;
				CLANG_WARN__DUPLICATE_METHOD_MATCH = YES;
				"CODE_SIGN_IDENTITY[sdk=iphoneos*]" = "iPhone Developer";
				COPY_PHASE_STRIP = NO;
				DEBUG_INFORMATION_FORMAT = "dwarf-with-dsym";
				ENABLE_NS_ASSERTIONS = NO;
				ENABLE_STRICT_OBJC_MSGSEND = YES;
				GCC_C_LANGUAGE_STANDARD = gnu99;
				GCC_NO_COMMON_BLOCKS = YES;
				GCC_WARN_64_TO_32_BIT_CONVERSION = YES;
				GCC_WARN_ABOUT_RETURN_TYPE = YES_ERROR;
				GCC_WARN_UNDECLARED_SELECTOR = YES;
				GCC_WARN_UNINITIALIZED_AUTOS = YES_AGGRESSIVE;
				GCC_WARN_UNUSED_FUNCTION = YES;
				GCC_WARN_UNUSED_VARIABLE = YES;
				IPHONEOS_DEPLOYMENT_TARGET = 8.4;
				MTL_ENABLE_DEBUG_INFO = NO;
				SDKROOT = iphoneos;
				TARGETED_DEVICE_FAMILY = "1,2";
				VALIDATE_PRODUCT = YES;
			};
			name = Release;
		};
		04520C111C11FFBF00A47CC8 /* Debug */ = {
			isa = XCBuildConfiguration;
			buildSettings = {
				ASSETCATALOG_COMPILER_APPICON_NAME = AppIcon;
				INFOPLIST_FILE = ColletionViewSlider/Info.plist;
				IPHONEOS_DEPLOYMENT_TARGET = 8.4;
				LD_RUNPATH_SEARCH_PATHS = "$(inherited) @executable_path/Frameworks";
				PRODUCT_NAME = "$(TARGET_NAME)";
			};
			name = Debug;
		};
		04520C121C11FFBF00A47CC8 /* Release */ = {
			isa = XCBuildConfiguration;
			buildSettings = {
				ASSETCATALOG_COMPILER_APPICON_NAME = AppIcon;
				INFOPLIST_FILE = ColletionViewSlider/Info.plist;
				IPHONEOS_DEPLOYMENT_TARGET = 8.4;
				LD_RUNPATH_SEARCH_PATHS = "$(inherited) @executable_path/Frameworks";
				PRODUCT_NAME = "$(TARGET_NAME)";
			};
			name = Release;
		};
		04520C141C11FFBF00A47CC8 /* Debug */ = {
			isa = XCBuildConfiguration;
			buildSettings = {
				BUNDLE_LOADER = "$(TEST_HOST)";
				FRAMEWORK_SEARCH_PATHS = (
					"$(SDKROOT)/Developer/Library/Frameworks",
					"$(inherited)",
				);
				GCC_PREPROCESSOR_DEFINITIONS = (
					"DEBUG=1",
					"$(inherited)",
				);
				INFOPLIST_FILE = ColletionViewSliderTests/Info.plist;
				LD_RUNPATH_SEARCH_PATHS = "$(inherited) @executable_path/Frameworks @loader_path/Frameworks";
				PRODUCT_NAME = "$(TARGET_NAME)";
				TEST_HOST = "$(BUILT_PRODUCTS_DIR)/ColletionViewSlider.app/ColletionViewSlider";
			};
			name = Debug;
		};
		04520C151C11FFBF00A47CC8 /* Release */ = {
			isa = XCBuildConfiguration;
			buildSettings = {
				BUNDLE_LOADER = "$(TEST_HOST)";
				FRAMEWORK_SEARCH_PATHS = (
					"$(SDKROOT)/Developer/Library/Frameworks",
					"$(inherited)",
				);
				INFOPLIST_FILE = ColletionViewSliderTests/Info.plist;
				LD_RUNPATH_SEARCH_PATHS = "$(inherited) @executable_path/Frameworks @loader_path/Frameworks";
				PRODUCT_NAME = "$(TARGET_NAME)";
				TEST_HOST = "$(BUILT_PRODUCTS_DIR)/ColletionViewSlider.app/ColletionViewSlider";
			};
			name = Release;
		};
/* End XCBuildConfiguration section */

/* Begin XCConfigurationList section */
		04520BE81C11FFBF00A47CC8 /* Build configuration list for PBXProject "ColletionViewSlider" */ = {
			isa = XCConfigurationList;
			buildConfigurations = (
				04520C0E1C11FFBF00A47CC8 /* Debug */,
				04520C0F1C11FFBF00A47CC8 /* Release */,
			);
			defaultConfigurationIsVisible = 0;
			defaultConfigurationName = Release;
		};
		04520C101C11FFBF00A47CC8 /* Build configuration list for PBXNativeTarget "ColletionViewSlider" */ = {
			isa = XCConfigurationList;
			buildConfigurations = (
				04520C111C11FFBF00A47CC8 /* Debug */,
				04520C121C11FFBF00A47CC8 /* Release */,
			);
			defaultConfigurationIsVisible = 0;
			defaultConfigurationName = Release;
		};
		04520C131C11FFBF00A47CC8 /* Build configuration list for PBXNativeTarget "ColletionViewSliderTests" */ = {
			isa = XCConfigurationList;
			buildConfigurations = (
				04520C141C11FFBF00A47CC8 /* Debug */,
				04520C151C11FFBF00A47CC8 /* Release */,
			);
			defaultConfigurationIsVisible = 0;
			defaultConfigurationName = Release;
		};
/* End XCConfigurationList section */
	};
	rootObject = 04520BE51C11FFBF00A47CC8 /* Project object */;
}
